hash: 60ed6cdce462a48fade1a7fd121a280fbfcf5ce86fdcd11959cd0b770599afcb
updated: 2017-06-06T17:27:46.844432882+09:00
imports:
- name: github.com/labstack/echo
  version: 1049c9613cd371b7ea8f219404c9a821734781ed
- name: github.com/lib/pq
  version: 8837942c3e09574accbc5f150e2c5e057189cace
testImports: []
